
Microsoft Visual Studio Solution File, Format Version 12.00
# Visual Studio Version 16
VisualStudioVersion = 16.0.30503.244
MinimumVisualStudioVersion = 10.0.40219.1
Project("{9A19103F-16F7-4668-BE54-9A1E7A4F7556}") = "PeopleApp", "PeopleApp\PeopleApp.csproj", "{CA36DE95-CA7C-4483-8C44-87A8CD83AEFA}"
EndProject
Project("{9A19103F-16F7-4668-BE54-9A1E7A4F7556}") = "PacktLibrary", "PacktLibrary\PacktLibrary.csproj", "{FF7412B7-E4D9-4911-A868-07CF462FAD55}"
EndProject
Project("{FAE04EC0-301F-11D3-BF4B-00C04F79EFBC}") = "Exercise02", "Exercise02\Exercise02.csproj", "{9FB82A49-4764-44E7-BEFA-FDB66EA92E49}"
EndProject
Global
	GlobalSection(SolutionConfigurationPlatforms) = preSolution
		Debug|Any CPU = Debug|Any CPU
		Release|Any CPU = Release|Any CPU
	EndGlobalSection
	GlobalSection(ProjectConfigurationPlatforms) = postSolution
		{CA36DE95-CA7C-4483-8C44-87A8CD83AEFA}.Debug|Any CPU.ActiveCfg = Debug|Any CPU
		{CA36DE95-CA7C-4483-8C44-87A8CD83AEFA}.Debug|Any CPU.Build.0 = Debug|Any CPU
		{CA36DE95-CA7C-4483-8C44-87A8CD83AEFA}.Release|Any CPU.ActiveCfg = Release|Any CPU
		{CA36DE95-CA7C-4483-8C44-87A8CD83AEFA}.Release|Any CPU.Build.0 = Release|Any CPU
		{FF7412B7-E4D9-4911-A868-07CF462FAD55}.Debug|Any CPU.ActiveCfg = Debug|Any CPU
		{FF7412B7-E4D9-4911-A868-07CF462FAD55}.Debug|Any CPU.Build.0 = Debug|Any CPU
		{FF7412B7-E4D9-4911-A868-07CF462FAD55}.Release|Any CPU.ActiveCfg = Release|Any CPU
		{FF7412B7-E4D9-4911-A868-07CF462FAD55}.Release|Any CPU.Build.0 = Release|Any CPU
		{9FB82A49-4764-44E7-BEFA-FDB66EA92E49}.Debug|Any CPU.ActiveCfg = Debug|Any CPU
		{9FB82A49-4764-44E7-BEFA-FDB66EA92E49}.Debug|Any CPU.Build.0 = Debug|Any CPU
		{9FB82A49-4764-44E7-BEFA-FDB66EA92E49}.Release|Any CPU.ActiveCfg = Release|Any CPU
		{9FB82A49-4764-44E7-BEFA-FDB66EA92E49}.Release|Any CPU.Build.0 = Release|Any CPU
	EndGlobalSection
	GlobalSection(SolutionProperties) = preSolution
		HideSolutionNode = FALSE
	EndGlobalSection
	GlobalSection(ExtensibilityGlobals) = postSolution
		SolutionGuid = {1AE35E57-CC23-46AE-A24A-EFCC8443BC7C}
	EndGlobalSection
EndGlobal
