
Microsoft Visual Studio Solution File, Format Version 12.00
# Visual Studio Version 16
VisualStudioVersion = 16.0.30503.244
MinimumVisualStudioVersion = 10.0.40219.1
Project("{9A19103F-16F7-4668-BE54-9A1E7A4F7556}") = "WritingFunctions", "WritingFunctions.csproj", "{A5463B0F-2B39-431F-9F4A-2F235EAF2CBC}"
EndProject
Project("{9A19103F-16F7-4668-BE54-9A1E7A4F7556}") = "Debugging", "..\Debugging\Debugging.csproj", "{17D4350A-AAB1-4579-9AB5-A6F47694EB88}"
EndProject
Project("{9A19103F-16F7-4668-BE54-9A1E7A4F7556}") = "Dumping", "..\Dumping\Dumping.csproj", "{26AB40ED-0EEB-488F-8770-F9581D21D6F3}"
EndProject
Project("{9A19103F-16F7-4668-BE54-9A1E7A4F7556}") = "Instrumenting", "..\Instrumenting\Instrumenting.csproj", "{547B9596-2D65-494F-9A52-25A080730B76}"
EndProject
Project("{FAE04EC0-301F-11D3-BF4B-00C04F79EFBC}") = "CalculatorLib", "..\CalculatorLib\CalculatorLib.csproj", "{594E5019-15B5-4877-975A-89A5B3FE55E9}"
EndProject
Project("{FAE04EC0-301F-11D3-BF4B-00C04F79EFBC}") = "CalculatorLibUnitTests", "..\CalculatorLibUnitTests\CalculatorLibUnitTests.csproj", "{DE3399FD-EFE1-4DD5-8E5E-4321B974D11E}"
EndProject
Global
	GlobalSection(SolutionConfigurationPlatforms) = preSolution
		Debug|Any CPU = Debug|Any CPU
		Release|Any CPU = Release|Any CPU
	EndGlobalSection
	GlobalSection(ProjectConfigurationPlatforms) = postSolution
		{A5463B0F-2B39-431F-9F4A-2F235EAF2CBC}.Debug|Any CPU.ActiveCfg = Debug|Any CPU
		{A5463B0F-2B39-431F-9F4A-2F235EAF2CBC}.Debug|Any CPU.Build.0 = Debug|Any CPU
		{A5463B0F-2B39-431F-9F4A-2F235EAF2CBC}.Release|Any CPU.ActiveCfg = Release|Any CPU
		{A5463B0F-2B39-431F-9F4A-2F235EAF2CBC}.Release|Any CPU.Build.0 = Release|Any CPU
		{17D4350A-AAB1-4579-9AB5-A6F47694EB88}.Debug|Any CPU.ActiveCfg = Debug|Any CPU
		{17D4350A-AAB1-4579-9AB5-A6F47694EB88}.Debug|Any CPU.Build.0 = Debug|Any CPU
		{17D4350A-AAB1-4579-9AB5-A6F47694EB88}.Release|Any CPU.ActiveCfg = Release|Any CPU
		{17D4350A-AAB1-4579-9AB5-A6F47694EB88}.Release|Any CPU.Build.0 = Release|Any CPU
		{26AB40ED-0EEB-488F-8770-F9581D21D6F3}.Debug|Any CPU.ActiveCfg = Debug|Any CPU
		{26AB40ED-0EEB-488F-8770-F9581D21D6F3}.Debug|Any CPU.Build.0 = Debug|Any CPU
		{26AB40ED-0EEB-488F-8770-F9581D21D6F3}.Release|Any CPU.ActiveCfg = Release|Any CPU
		{26AB40ED-0EEB-488F-8770-F9581D21D6F3}.Release|Any CPU.Build.0 = Release|Any CPU
		{547B9596-2D65-494F-9A52-25A080730B76}.Debug|Any CPU.ActiveCfg = Debug|Any CPU
		{547B9596-2D65-494F-9A52-25A080730B76}.Debug|Any CPU.Build.0 = Debug|Any CPU
		{547B9596-2D65-494F-9A52-25A080730B76}.Release|Any CPU.ActiveCfg = Release|Any CPU
		{547B9596-2D65-494F-9A52-25A080730B76}.Release|Any CPU.Build.0 = Release|Any CPU
		{594E5019-15B5-4877-975A-89A5B3FE55E9}.Debug|Any CPU.ActiveCfg = Debug|Any CPU
		{594E5019-15B5-4877-975A-89A5B3FE55E9}.Debug|Any CPU.Build.0 = Debug|Any CPU
		{594E5019-15B5-4877-975A-89A5B3FE55E9}.Release|Any CPU.ActiveCfg = Release|Any CPU
		{594E5019-15B5-4877-975A-89A5B3FE55E9}.Release|Any CPU.Build.0 = Release|Any CPU
		{DE3399FD-EFE1-4DD5-8E5E-4321B974D11E}.Debug|Any CPU.ActiveCfg = Debug|Any CPU
		{DE3399FD-EFE1-4DD5-8E5E-4321B974D11E}.Debug|Any CPU.Build.0 = Debug|Any CPU
		{DE3399FD-EFE1-4DD5-8E5E-4321B974D11E}.Release|Any CPU.ActiveCfg = Release|Any CPU
		{DE3399FD-EFE1-4DD5-8E5E-4321B974D11E}.Release|Any CPU.Build.0 = Release|Any CPU
	EndGlobalSection
	GlobalSection(SolutionProperties) = preSolution
		HideSolutionNode = FALSE
	EndGlobalSection
	GlobalSection(ExtensibilityGlobals) = postSolution
		SolutionGuid = {5FF4FAB5-2417-4297-84B5-75194FC6F499}
	EndGlobalSection
EndGlobal
